
Microsoft Visual Studio Solution File, Format Version 12.00
# Visual Studio Version 16
VisualStudioVersion = 16.0.29519.87
MinimumVisualStudioVersion = 10.0.40219.1
Project("{F184B08F-C81C-45F6-A57F-5ABD9991F28F}") = "AdventureWorks", "WpfApp1\AdventureWorks.vbproj", "{00E81E0C-2F60-459E-8926-FFE56BCB35A0}"
EndProject
Project("{F184B08F-C81C-45F6-A57F-5ABD9991F28F}") = "Common.Library", "Common.Library\Common.Library.vbproj", "{8D4816BF-5DF3-46F3-AE0B-50FA217818E2}"
EndProject
Project("{F184B08F-C81C-45F6-A57F-5ABD9991F28F}") = "AdventureWorks.EntityLayer", "AdventureWorks.EntityLayer\AdventureWorks.EntityLayer.vbproj", "{4893AB6F-F8EC-4442-87B1-90F80176EBD5}"
EndProject
Project("{F184B08F-C81C-45F6-A57F-5ABD9991F28F}") = "AdventureWorks.ViewModelLayer", "AdventureWorks.ViewModelLayer\AdventureWorks.ViewModelLayer.vbproj", "{924C6F0E-5401-415D-9A40-5832BBC6A0D8}"
EndProject
Global
	GlobalSection(SolutionConfigurationPlatforms) = preSolution
		Debug|Any CPU = Debug|Any CPU
		Release|Any CPU = Release|Any CPU
	EndGlobalSection
	GlobalSection(ProjectConfigurationPlatforms) = postSolution
		{00E81E0C-2F60-459E-8926-FFE56BCB35A0}.Debug|Any CPU.ActiveCfg = Debug|Any CPU
		{00E81E0C-2F60-459E-8926-FFE56BCB35A0}.Debug|Any CPU.Build.0 = Debug|Any CPU
		{00E81E0C-2F60-459E-8926-FFE56BCB35A0}.Release|Any CPU.ActiveCfg = Release|Any CPU
		{00E81E0C-2F60-459E-8926-FFE56BCB35A0}.Release|Any CPU.Build.0 = Release|Any CPU
		{8D4816BF-5DF3-46F3-AE0B-50FA217818E2}.Debug|Any CPU.ActiveCfg = Debug|Any CPU
		{8D4816BF-5DF3-46F3-AE0B-50FA217818E2}.Debug|Any CPU.Build.0 = Debug|Any CPU
		{8D4816BF-5DF3-46F3-AE0B-50FA217818E2}.Release|Any CPU.ActiveCfg = Release|Any CPU
		{8D4816BF-5DF3-46F3-AE0B-50FA217818E2}.Release|Any CPU.Build.0 = Release|Any CPU
		{4893AB6F-F8EC-4442-87B1-90F80176EBD5}.Debug|Any CPU.ActiveCfg = Debug|Any CPU
		{4893AB6F-F8EC-4442-87B1-90F80176EBD5}.Debug|Any CPU.Build.0 = Debug|Any CPU
		{4893AB6F-F8EC-4442-87B1-90F80176EBD5}.Release|Any CPU.ActiveCfg = Release|Any CPU
		{4893AB6F-F8EC-4442-87B1-90F80176EBD5}.Release|Any CPU.Build.0 = Release|Any CPU
		{924C6F0E-5401-415D-9A40-5832BBC6A0D8}.Debug|Any CPU.ActiveCfg = Debug|Any CPU
		{924C6F0E-5401-415D-9A40-5832BBC6A0D8}.Debug|Any CPU.Build.0 = Debug|Any CPU
		{924C6F0E-5401-415D-9A40-5832BBC6A0D8}.Release|Any CPU.ActiveCfg = Release|Any CPU
		{924C6F0E-5401-415D-9A40-5832BBC6A0D8}.Release|Any CPU.Build.0 = Release|Any CPU
	EndGlobalSection
	GlobalSection(SolutionProperties) = preSolution
		HideSolutionNode = FALSE
	EndGlobalSection
	GlobalSection(ExtensibilityGlobals) = postSolution
		SolutionGuid = {ABB3E8AE-4017-44A6-B19E-677CF9EC4E64}
	EndGlobalSection
EndGlobal
